Microsoft Visual Studio Solution File, Format Version 12.00
# Visual Studio Version 17
VisualStudioVersion = 17.5.2.0
MinimumVisualStudioVersion = 10.0.40219.1
Project("{FAE04EC0-301F-11D3-BF4B-00C04F79EFBC}") = "Proje1_Telefon_Rehberi", "Proje1_Telefon_Rehberi.csproj", "{3F0D3EE7-09BF-C4DC-82FF-E4470C44A164}"
EndProject
Global
	GlobalSection(SolutionConfigurationPlatforms) = preSolution
		Debug|Any CPU = Debug|Any CPU
		Release|Any CPU = Release|Any CPU
	EndGlobalSection
	GlobalSection(ProjectConfigurationPlatforms) = postSolution
		{3F0D3EE7-09BF-C4DC-82FF-E4470C44A164}.Debug|Any CPU.ActiveCfg = Debug|Any CPU
		{3F0D3EE7-09BF-C4DC-82FF-E4470C44A164}.Debug|Any CPU.Build.0 = Debug|Any CPU
		{3F0D3EE7-09BF-C4DC-82FF-E4470C44A164}.Release|Any CPU.ActiveCfg = Release|Any CPU
		{3F0D3EE7-09BF-C4DC-82FF-E4470C44A164}.Release|Any CPU.Build.0 = Release|Any CPU
	EndGlobalSection
	GlobalSection(SolutionProperties) = preSolution
		HideSolutionNode = FALSE
	EndGlobalSection
	GlobalSection(ExtensibilityGlobals) = postSolution
		SolutionGuid = {3E941A90-709B-4BCF-B54F-F7346B5A3C0C}
	EndGlobalSection
EndGlobal
